
Microsoft Visual Studio Solution File, Format Version 12.00
# Visual Studio Version 17
VisualStudioVersion = 17.14.36121.58 d17.14
MinimumVisualStudioVersion = 10.0.40219.1
Project("{FAE04EC0-301F-11D3-BF4B-00C04F79EFBC}") = "StudentWebApp", "StudentWebApp\StudentWebApp.csproj", "{DCEE0826-C2A6-4B5E-A0D0-ECA6A909B171}"
EndProject
Global
	GlobalSection(SolutionConfigurationPlatforms) = preSolution
		Debug|Any CPU = Debug|Any CPU
		Release|Any CPU = Release|Any CPU
	EndGlobalSection
	GlobalSection(ProjectConfigurationPlatforms) = postSolution
		{DCEE0826-C2A6-4B5E-A0D0-ECA6A909B171}.Debug|Any CPU.ActiveCfg = Debug|Any CPU
		{DCEE0826-C2A6-4B5E-A0D0-ECA6A909B171}.Debug|Any CPU.Build.0 = Debug|Any CPU
		{DCEE0826-C2A6-4B5E-A0D0-ECA6A909B171}.Release|Any CPU.ActiveCfg = Release|Any CPU
		{DCEE0826-C2A6-4B5E-A0D0-ECA6A909B171}.Release|Any CPU.Build.0 = Release|Any CPU
	EndGlobalSection
	GlobalSection(SolutionProperties) = preSolution
		HideSolutionNode = FALSE
	EndGlobalSection
	GlobalSection(ExtensibilityGlobals) = postSolution
		SolutionGuid = {11B424B3-21DD-4376-B277-443ACB6DDD84}
	EndGlobalSection
EndGlobal
